{
  "name": "2sv",
  "version": "0.0.1",
  "lockfileVersion": 2,
  "requires": true,
  "packages": {
    "": {
      "name": "2sv",
      "version": "0.0.1",
      "license": "GPL-3.0-or-later",
      "dependencies": {
        "@openzeppelin/contracts": "^4.7.3",
        "ganache-time-traveler": "^1.0.16"
      }
    },
    "node_modules/@openzeppelin/contracts": {
      "version": "4.7.3",
      "resolved": "https://registry.npmjs.org/@openzeppelin/contracts/-/contracts-4.7.3.tgz",
      "integrity": "sha512-dGRS0agJzu8ybo44pCIf3xBaPQN/65AIXNgK8+4gzKd5kbvlqyxryUYVLJv7fK98Seyd2hDZzVEHSWAh0Bt1Yw=="
    },
    "node_modules/ganache-time-traveler": {
      "version": "1.0.16",
      "resolved": "https://registry.npmjs.org/ganache-time-traveler/-/ganache-time-traveler-1.0.16.tgz",
      "integrity": "sha512-oUaQge9tiT/zzcGqehqJcoH10claKi9QFhq7zI1Wa3KtdPobjgLVMYvqXCJuHCAZoS7sHvLB/N/rSnhmivxaKw=="
    }
  },
  "dependencies": {
    "@openzeppelin/contracts": {
      "version": "4.7.3",
      "resolved": "https://registry.npmjs.org/@openzeppelin/contracts/-/contracts-4.7.3.tgz",
      "integrity": "sha512-dGRS0agJzu8ybo44pCIf3xBaPQN/65AIXNgK8+4gzKd5kbvlqyxryUYVLJv7fK98Seyd2hDZzVEHSWAh0Bt1Yw=="
    },
    "ganache-time-traveler": {
      "version": "1.0.16",
      "resolved": "https://registry.npmjs.org/ganache-time-traveler/-/ganache-time-traveler-1.0.16.tgz",
      "integrity": "sha512-oUaQge9tiT/zzcGqehqJcoH10claKi9QFhq7zI1Wa3KtdPobjgLVMYvqXCJuHCAZoS7sHvLB/N/rSnhmivxaKw=="
    }
  }
}
